// !$*UTF8*$!
{
	archiveVersion = 1;
	classes = {
	};
	objectVersion = 46;
	objects = {

/* Begin PBXBuildFile section */
		30B549196E2F49C1254AEFF2 /* anotherclass.swift in Sources */ = {isa = PBXBuildFile; fileRef = FBA10042534E598D9B7FC1BA /* anotherclass.swift */; };
		527AC245A75A83833ECFF6B1 /* AppDelegate.swift in Sources */ = {isa = PBXBuildFile; fileRef = F7D78837F3EA91B10458CA4F /* AppDelegate.swift */; };
		8228A4F7E2A952D25DEA9A0B /* Foundation.framework in Frameworks */ = {isa = PBXBuildFile; fileRef = 2193CDB557BFF3EEA0C333A9 /* Foundation.framework */; };
		877ED1964EFA2AB2F108F566 /* ViewController.swift in Sources */ = {isa = PBXBuildFile; fileRef = 965CDA1202AF956629757B7E /* ViewController.swift */; };
/* End PBXBuildFile section */

/* Begin PBXFileReference section */
		028C4B99452E72610208FC9C /* testApplication.app */ = {isa = PBXFileReference; explicitFileType = wrapper.application; includeInIndex = 0; path = testApplication.app; sourceTree = BUILT_PRODUCTS_DIR; };
		2193CDB557BFF3EEA0C333A9 /* Foundation.framework */ = {isa = PBXFileReference; lastKnownFileType = wrapper.framework; name = Foundation.framework; path = Platforms/iPhoneOS.platform/Developer/SDKs/iPhoneOS9.0.sdk/System/Library/Frameworks/Foundation.framework; sourceTree = DEVELOPER_DIR; };
		965CDA1202AF956629757B7E /* ViewController.swift */ = {isa = PBXFileReference; includeInIndex = 1; lastKnownFileType = sourcecode.swift; name = ViewController.swift; path = "./src//ClassFolder/ViewController.swift"; sourceTree = "<group>"; };
		C7285179D55B8A15ABA73745 /* Info.plist */ = {isa = PBXFileReference; includeInIndex = 1; lastKnownFileType = text.plist.xml; name = Info.plist; path = "./src//Info.plist"; sourceTree = "<group>"; };
		F7D78837F3EA91B10458CA4F /* AppDelegate.swift */ = {isa = PBXFileReference; includeInIndex = 1; lastKnownFileType = sourcecode.swift; name = AppDelegate.swift; path = "./src//AppDelegate.swift"; sourceTree = "<group>"; };
		FBA10042534E598D9B7FC1BA /* anotherclass.swift */ = {isa = PBXFileReference; includeInIndex = 1; lastKnownFileType = sourcecode.swift; name = anotherclass.swift; path = "./src//ClassFolder/another/anotherclass.swift"; sourceTree = "<group>"; };
/* End PBXFileReference section */

/* Begin PBXFrameworksBuildPhase section */
		778A4A8559272C8D61E0758E /* Frameworks */ = {
			isa = PBXFrameworksBuildPhase;
			buildActionMask = 2147483647;
			files = (
				8228A4F7E2A952D25DEA9A0B /* Foundation.framework in Frameworks */,
			);
			runOnlyForDeploymentPostprocessing = 0;
		};
/* End PBXFrameworksBuildPhase section */

/* Begin PBXGroup section */
		13B53C74AB89869D895A552F /* src */ = {
			isa = PBXGroup;
			children = (
				F7D78837F3EA91B10458CA4F /* AppDelegate.swift */,
				E61CDE24CF3E6DF5AFC6688C /* ClassFolder */,
				C7285179D55B8A15ABA73745 /* Info.plist */,
			);
			name = src;
			sourceTree = "<group>";
		};
		577389B56420D0FC42B812FA = {
			isa = PBXGroup;
			children = (
				B13FF3CDD1060ABBE2125AE3 /* Products */,
				82AA2052D672ADA20D1A050A /* Frameworks */,
				13B53C74AB89869D895A552F /* src */,
			);
			sourceTree = "<group>";
		};
		82AA2052D672ADA20D1A050A /* Frameworks */ = {
			isa = PBXGroup;
			children = (
				9BDD0F1137949AEED8977989 /* iOS */,
			);
			name = Frameworks;
			sourceTree = "<group>";
		};
		9BDD0F1137949AEED8977989 /* iOS */ = {
			isa = PBXGroup;
			children = (
				2193CDB557BFF3EEA0C333A9 /* Foundation.framework */,
			);
			name = iOS;
			sourceTree = "<group>";
		};
		A633ECA7718C15983B844DD9 /* another */ = {
			isa = PBXGroup;
			children = (
				FBA10042534E598D9B7FC1BA /* anotherclass.swift */,
			);
			name = another;
			sourceTree = "<group>";
		};
		B13FF3CDD1060ABBE2125AE3 /* Products */ = {
			isa = PBXGroup;
			children = (
				028C4B99452E72610208FC9C /* testApplication.app */,
			);
			name = Products;
			sourceTree = "<group>";
		};
		E61CDE24CF3E6DF5AFC6688C /* ClassFolder */ = {
			isa = PBXGroup;
			children = (
				A633ECA7718C15983B844DD9 /* another */,
				965CDA1202AF956629757B7E /* ViewController.swift */,
			);
			name = ClassFolder;
			sourceTree = "<group>";
		};
/* End PBXGroup section */

/* Begin PBXNativeTarget section */
		211C755D359FF287CA417277 /* testApplication */ = {
			isa = PBXNativeTarget;
			buildConfigurationList = 89486427DC3889D6F5C16C71 /* Build configuration list for PBXNativeTarget "testApplication" */;
			buildPhases = (
				09DB639CF1325B9B2F6FD016 /* Sources */,
				778A4A8559272C8D61E0758E /* Frameworks */,
			);
			buildRules = (
			);
			dependencies = (
			);
			name = testApplication;
			productName = testApplication;
			productReference = 028C4B99452E72610208FC9C /* testApplication.app */;
			productType = "com.apple.product-type.application";
		};
/* End PBXNativeTarget section */

/* Begin PBXProject section */
		C3F5A6395214D376CA1470F3 /* Project object */ = {
			isa = PBXProject;
			attributes = {
				LastSwiftUpdateCheck = 0700;
				LastUpgradeCheck = 0700;
			};
			buildConfigurationList = 613234888750F67F93B322BA /* Build configuration list for PBXProject "test" */;
			compatibilityVersion = "Xcode 3.2";
			developmentRegion = English;
			hasScannedForEncodings = 0;
			knownRegions = (
				en,
			);
			mainGroup = 577389B56420D0FC42B812FA;
			productRefGroup = B13FF3CDD1060ABBE2125AE3 /* Products */;
			projectDirPath = "";
			projectRoot = "";
			targets = (
				211C755D359FF287CA417277 /* testApplication */,
			);
		};
/* End PBXProject section */

/* Begin PBXSourcesBuildPhase section */
		09DB639CF1325B9B2F6FD016 /* Sources */ = {
			isa = PBXSourcesBuildPhase;
			buildActionMask = 2147483647;
			files = (
				527AC245A75A83833ECFF6B1 /* AppDelegate.swift in Sources */,
				30B549196E2F49C1254AEFF2 /* anotherclass.swift in Sources */,
				877ED1964EFA2AB2F108F566 /* ViewController.swift in Sources */,
			);
			runOnlyForDeploymentPostprocessing = 0;
		};
/* End PBXSourcesBuildPhase section */

/* Begin XCBuildConfiguration section */
		154A7B22A4F9FDBAA203B313 /* Debug */ = {
			isa = XCBuildConfiguration;
			buildSettings = {
				ALWAYS_SEARCH_USER_PATHS = YES;
				ARCHS = "$(ARCHS_STANDARD_32_BIT)";
				CLANG_CXX_LANGUAGE_STANDARD = "gnu++0x";
				CLANG_CXX_LIBRARY = "libc++";
				CLANG_ENABLE_MODULES = YES;
				CLANG_ENABLE_OBJC_ARC = YES;
				CLANG_WARN_BOOL_CONVERSION = YES;
				CLANG_WARN_CONSTANT_CONVERSION = YES;
				CLANG_WARN_DIRECT_OBJC_ISA_USAGE = YES;
				CLANG_WARN_EMPTY_BODY = YES;
				CLANG_WARN_ENUM_CONVERSION = YES;
				CLANG_WARN_INT_CONVERSION = YES;
				CLANG_WARN_OBJC_ROOT_CLASS = YES;
				CLANG_WARN_UNREACHABLE_CODE = YES;
				CLANG_WARN__DUPLICATE_METHOD_MATCH = YES;
				COPY_PHASE_STRIP = NO;
				GCC_C_LANGUAGE_STANDARD = gnu99;
				GCC_DYNAMIC_NO_PIC = NO;
				GCC_OPTIMIZATION_LEVEL = 0;
				GCC_PREPROCESSOR_DEFINITIONS = (
					"DEBUG=1",
					"$(inherited)",
				);
				GCC_SYMBOLS_PRIVATE_EXTERN = NO;
				GCC_WARN_64_TO_32_BIT_CONVERSION = YES;
				GCC_WARN_ABOUT_MISSING_PROTOTYPES = YES;
				GCC_WARN_ABOUT_RETURN_TYPE = YES;
				GCC_WARN_UNDECLARED_SELECTOR = YES;
				GCC_WARN_UNINITIALIZED_AUTOS = YES;
				GCC_WARN_UNUSED_FUNCTION = YES;
				GCC_WARN_UNUSED_VARIABLE = YES;
				INFOPLIST_FILE = src/Info.plist;
				INSTALL_PATH = "$(BUILT_PRODUCTS_DIR)";
				IPHONEOS_DEPLOYMENT_TARGET = 9.2;
				ONLY_ACTIVE_ARCH = YES;
				OTHER_LDFLAGS = "";
				PUBLIC_HEADERS_FOLDER_PATH = "$(TARGET_NAME)";
				SDKROOT = iphoneos;
			};
			name = Debug;
		};
		667CBDB7CBC175A1F827D0C6 /* Debug */ = {
			isa = XCBuildConfiguration;
			buildSettings = {
				"CODE_SIGN_IDENTITY[sdk=iphoneos*]" = "iPhone Developer";
				ENABLE_STRICT_OBJC_MSGSEND = YES;
				ENABLE_TESTABILITY = YES;
				IPHONEOS_DEPLOYMENT_TARGET = 9.2;
				LD_RUNPATH_SEARCH_PATHS = "$(inherited) @executable_path/Frameworks";
				MTL_ENABLE_DEBUG_INFO = YES;
				PRODUCT_NAME = "$(TARGET_NAME)";
				SDKROOT = iphoneos;
				SWIFT_OPTIMIZATION_LEVEL = "-Onone";
			};
			name = Debug;
		};
		A7624C45873774A2997774F6 /* Release */ = {
			isa = XCBuildConfiguration;
			buildSettings = {
				"CODE_SIGN_IDENTITY[sdk=iphoneos*]" = "iPhone Developer";
				ENABLE_STRICT_OBJC_MSGSEND = YES;
				IPHONEOS_DEPLOYMENT_TARGET = 9.2;
				LD_RUNPATH_SEARCH_PATHS = "$(inherited) @executable_path/Frameworks";
				MTL_ENABLE_DEBUG_INFO = NO;
				PRODUCT_NAME = "$(TARGET_NAME)";
				SDKROOT = iphoneos;
			};
			name = Release;
		};
		AD1629CF9872B64DFCD8DCEF /* Release */ = {
			isa = XCBuildConfiguration;
			buildSettings = {
				ALWAYS_SEARCH_USER_PATHS = YES;
				ARCHS = "$(ARCHS_STANDARD_32_BIT)";
				CLANG_CXX_LANGUAGE_STANDARD = "gnu++0x";
				CLANG_CXX_LIBRARY = "libc++";
				CLANG_ENABLE_MODULES = YES;
				CLANG_ENABLE_OBJC_ARC = YES;
				CLANG_WARN_BOOL_CONVERSION = YES;
				CLANG_WARN_CONSTANT_CONVERSION = YES;
				CLANG_WARN_DIRECT_OBJC_ISA_USAGE = YES;
				CLANG_WARN_EMPTY_BODY = YES;
				CLANG_WARN_ENUM_CONVERSION = YES;
				CLANG_WARN_INT_CONVERSION = YES;
				CLANG_WARN_OBJC_ROOT_CLASS = YES;
				CLANG_WARN_UNREACHABLE_CODE = YES;
				CLANG_WARN__DUPLICATE_METHOD_MATCH = YES;
				COPY_PHASE_STRIP = YES;
				ENABLE_NS_ASSERTIONS = NO;
				GCC_C_LANGUAGE_STANDARD = gnu99;
				GCC_DYNAMIC_NO_PIC = NO;
				GCC_OPTIMIZATION_LEVEL = 0;
				GCC_PREPROCESSOR_DEFINITIONS = (
					"DEBUG=1",
					"$(inherited)",
				);
				GCC_SYMBOLS_PRIVATE_EXTERN = NO;
				GCC_WARN_64_TO_32_BIT_CONVERSION = YES;
				GCC_WARN_ABOUT_MISSING_PROTOTYPES = YES;
				GCC_WARN_ABOUT_RETURN_TYPE = YES;
				GCC_WARN_UNDECLARED_SELECTOR = YES;
				GCC_WARN_UNINITIALIZED_AUTOS = YES;
				GCC_WARN_UNUSED_FUNCTION = YES;
				GCC_WARN_UNUSED_VARIABLE = YES;
				INFOPLIST_FILE = src/Info.plist;
				INSTALL_PATH = "$(BUILT_PRODUCTS_DIR)";
				IPHONEOS_DEPLOYMENT_TARGET = 9.2;
				OTHER_LDFLAGS = "";
				PUBLIC_HEADERS_FOLDER_PATH = "$(TARGET_NAME)";
				SDKROOT = iphoneos;
				VALIDATE_PRODUCT = YES;
			};
			name = Release;
		};
/* End XCBuildConfiguration section */

/* Begin XCConfigurationList section */
		613234888750F67F93B322BA /* Build configuration list for PBXProject "test" */ = {
			isa = XCConfigurationList;
			buildConfigurations = (
				154A7B22A4F9FDBAA203B313 /* Debug */,
				AD1629CF9872B64DFCD8DCEF /* Release */,
			);
			defaultConfigurationIsVisible = 0;
			defaultConfigurationName = Release;
		};
		89486427DC3889D6F5C16C71 /* Build configuration list for PBXNativeTarget "testApplication" */ = {
			isa = XCConfigurationList;
			buildConfigurations = (
				A7624C45873774A2997774F6 /* Release */,
				667CBDB7CBC175A1F827D0C6 /* Debug */,
			);
			defaultConfigurationIsVisible = 0;
			defaultConfigurationName = Release;
		};
/* End XCConfigurationList section */
	};
	rootObject = C3F5A6395214D376CA1470F3 /* Project object */;
}
